
Microsoft Visual Studio Solution File, Format Version 12.00
# Visual Studio Version 17
VisualStudioVersion = 17.4.33213.308
MinimumVisualStudioVersion = 10.0.40219.1
Project("{8BC9CEB8-8B4A-11D0-8D11-00A0C91BC942}") = "Usermode", "Usermode\Usermode.vcxproj", "{8554E99D-038F-4C76-AA74-F81E8310FAFC}"
EndProject
Global
	GlobalSection(SolutionConfigurationPlatforms) = preSolution
		Debug|x64 = Debug|x64
		Debug|x86 = Debug|x86
		Release|x64 = Release|x64
		Release|x86 = Release|x86
	EndGlobalSection
	GlobalSection(ProjectConfigurationPlatforms) = postSolution
		{8554E99D-038F-4C76-AA74-F81E8310FAFC}.Debug|x64.ActiveCfg = Debug|x64
		{8554E99D-038F-4C76-AA74-F81E8310FAFC}.Debug|x64.Build.0 = Debug|x64
		{8554E99D-038F-4C76-AA74-F81E8310FAFC}.Debug|x86.ActiveCfg = Debug|Win32
		{8554E99D-038F-4C76-AA74-F81E8310FAFC}.Debug|x86.Build.0 = Debug|Win32
		{8554E99D-038F-4C76-AA74-F81E8310FAFC}.Release|x64.ActiveCfg = Release|x64
		{8554E99D-038F-4C76-AA74-F81E8310FAFC}.Release|x64.Build.0 = Release|x64
		{8554E99D-038F-4C76-AA74-F81E8310FAFC}.Release|x86.ActiveCfg = Release|Win32
		{8554E99D-038F-4C76-AA74-F81E8310FAFC}.Release|x86.Build.0 = Release|Win32
	EndGlobalSection
	GlobalSection(SolutionProperties) = preSolution
		HideSolutionNode = FALSE
	EndGlobalSection
	GlobalSection(ExtensibilityGlobals) = postSolution
		SolutionGuid = {A4D65BCE-3018-403E-926D-6505297D1D98}
	EndGlobalSection
EndGlobal
